# This file is automatically @generated by Wally.
# It is not intended for manual editing.
registry = "test"

[[package]]
name = "pepeeltoro41/jecs-utils"
version = "1.4.1"
dependencies = [["jecs", "ukendio/jecs@0.10.4"]]

[[package]]
name = "pepeeltoro41/replecs"
version = "0.3.1"
dependencies = [["jecs", "ukendio/jecs@0.10.4"]]

[[package]]
name = "ukendio/jecs"
version = "0.10.4"
dependencies = []

[[package]]
name = "ukendio/jecs"
version = "0.11.0"
dependencies = []

[[package]]
name = "wad/wcs-actions"
version = "0.1.0"
dependencies = [["jecs", "ukendio/jecs@0.11.0"], ["jecs-utils", "pepeeltoro41/jecs-utils@1.4.1"], ["replecs", "pepeeltoro41/replecs@0.3.1"]]
